
Microsoft Visual Studio Solution File, Format Version 12.00
# Visual Studio Version 16
VisualStudioVersion = 16.0.31321.278
MinimumVisualStudioVersion = 10.0.40219.1
Project("{FAE04EC0-301F-11D3-BF4B-00C04F79EFBC}") = "ApiTelas", "ApiTelas.csproj", "{B1D07648-9079-4250-A969-6B134F980B46}"
EndProject
Global
	GlobalSection(SolutionConfigurationPlatforms) = preSolution
		Debug|Any CPU = Debug|Any CPU
		Release|Any CPU = Release|Any CPU
	EndGlobalSection
	GlobalSection(ProjectConfigurationPlatforms) = postSolution
		{B1D07648-9079-4250-A969-6B134F980B46}.Debug|Any CPU.ActiveCfg = Debug|Any CPU
		{B1D07648-9079-4250-A969-6B134F980B46}.Debug|Any CPU.Build.0 = Debug|Any CPU
		{B1D07648-9079-4250-A969-6B134F980B46}.Release|Any CPU.ActiveCfg = Release|Any CPU
		{B1D07648-9079-4250-A969-6B134F980B46}.Release|Any CPU.Build.0 = Release|Any CPU
	EndGlobalSection
	GlobalSection(SolutionProperties) = preSolution
		HideSolutionNode = FALSE
	EndGlobalSection
	GlobalSection(ExtensibilityGlobals) = postSolution
		SolutionGuid = {FAAA6FE3-0E44-42F7-965A-59646749B82C}
	EndGlobalSection
EndGlobal
